
Microsoft Visual Studio Solution File, Format Version 12.00
# Visual Studio 15
VisualStudioVersion = 15.0.28307.136
MinimumVisualStudioVersion = 10.0.40219.1
Project("{FAE04EC0-301F-11D3-BF4B-00C04F79EFBC}") = "AskCounter", "AskCounter\AskCounter.csproj", "{D592FA38-87BB-4B9D-9BF7-CD47BEA232FF}"
EndProject
Global
	GlobalSection(SolutionConfigurationPlatforms) = preSolution
		Debug|Any CPU = Debug|Any CPU
		Release|Any CPU = Release|Any CPU
	EndGlobalSection
	GlobalSection(ProjectConfigurationPlatforms) = postSolution
		{D592FA38-87BB-4B9D-9BF7-CD47BEA232FF}.Debug|Any CPU.ActiveCfg = Debug|Any CPU
		{D592FA38-87BB-4B9D-9BF7-CD47BEA232FF}.Debug|Any CPU.Build.0 = Debug|Any CPU
		{D592FA38-87BB-4B9D-9BF7-CD47BEA232FF}.Release|Any CPU.ActiveCfg = Release|Any CPU
		{D592FA38-87BB-4B9D-9BF7-CD47BEA232FF}.Release|Any CPU.Build.0 = Release|Any CPU
	EndGlobalSection
	GlobalSection(SolutionProperties) = preSolution
		HideSolutionNode = FALSE
	EndGlobalSection
	GlobalSection(ExtensibilityGlobals) = postSolution
		SolutionGuid = {D682AB75-30FA-4381-8E54-3F1323C5A658}
	EndGlobalSection
EndGlobal
